
Microsoft Visual Studio Solution File, Format Version 12.00
# Visual Studio 15
VisualStudioVersion = 15.0.28307.329
MinimumVisualStudioVersion = 10.0.40219.1
Project("{FAE04EC0-301F-11D3-BF4B-00C04F79EFBC}") = "TopShelfSample", "TopShelfSample\TopShelfSample.csproj", "{FAD9D362-BE16-4B57-9B29-DB079F29782E}"
EndProject
Global
	GlobalSection(SolutionConfigurationPlatforms) = preSolution
		Debug|Any CPU = Debug|Any CPU
		Release|Any CPU = Release|Any CPU
	EndGlobalSection
	GlobalSection(ProjectConfigurationPlatforms) = postSolution
		{FAD9D362-BE16-4B57-9B29-DB079F29782E}.Debug|Any CPU.ActiveCfg = Debug|Any CPU
		{FAD9D362-BE16-4B57-9B29-DB079F29782E}.Debug|Any CPU.Build.0 = Debug|Any CPU
		{FAD9D362-BE16-4B57-9B29-DB079F29782E}.Release|Any CPU.ActiveCfg = Release|Any CPU
		{FAD9D362-BE16-4B57-9B29-DB079F29782E}.Release|Any CPU.Build.0 = Release|Any CPU
	EndGlobalSection
	GlobalSection(SolutionProperties) = preSolution
		HideSolutionNode = FALSE
	EndGlobalSection
	GlobalSection(ExtensibilityGlobals) = postSolution
		SolutionGuid = {FC1915D6-87BF-4660-B0D0-EE3BED885129}
	EndGlobalSection
EndGlobal
